
Microsoft Visual Studio Solution File, Format Version 12.00
# Visual Studio 15
VisualStudioVersion = 15.0.28010.2048
MinimumVisualStudioVersion = 10.0.40219.1
Project("{FAE04EC0-301F-11D3-BF4B-00C04F79EFBC}") = "Hangman", "Hangman\Hangman.csproj", "{B2303BF5-DB5B-41EB-92AB-2A711224A876}"
EndProject
Global
	GlobalSection(SolutionConfigurationPlatforms) = preSolution
		Debug|Any CPU = Debug|Any CPU
		Release|Any CPU = Release|Any CPU
	EndGlobalSection
	GlobalSection(ProjectConfigurationPlatforms) = postSolution
		{B2303BF5-DB5B-41EB-92AB-2A711224A876}.Debug|Any CPU.ActiveCfg = Debug|Any CPU
		{B2303BF5-DB5B-41EB-92AB-2A711224A876}.Debug|Any CPU.Build.0 = Debug|Any CPU
		{B2303BF5-DB5B-41EB-92AB-2A711224A876}.Release|Any CPU.ActiveCfg = Release|Any CPU
		{B2303BF5-DB5B-41EB-92AB-2A711224A876}.Release|Any CPU.Build.0 = Release|Any CPU
	EndGlobalSection
	GlobalSection(SolutionProperties) = preSolution
		HideSolutionNode = FALSE
	EndGlobalSection
	GlobalSection(ExtensibilityGlobals) = postSolution
		SolutionGuid = {0FF48FB1-9CE8-495A-A54F-FE7F1AB24723}
	EndGlobalSection
EndGlobal
