
Microsoft Visual Studio Solution File, Format Version 12.00
# Visual Studio 15
VisualStudioVersion = 15.0.28307.271
MinimumVisualStudioVersion = 10.0.40219.1
Project("{FAE04EC0-301F-11D3-BF4B-00C04F79EFBC}") = "vicmic.Android", "vicmic\vicmic.Android\vicmic.Android.csproj", "{D0812F3B-50A6-4161-92D8-53115CFD1A0A}"
EndProject
Project("{FAE04EC0-301F-11D3-BF4B-00C04F79EFBC}") = "vicmic", "vicmic\vicmic\vicmic.csproj", "{B8DF2C21-173F-450F-A25B-FB093C81998A}"
EndProject
Global
	GlobalSection(SolutionConfigurationPlatforms) = preSolution
		Debug|Any CPU = Debug|Any CPU
		Release|Any CPU = Release|Any CPU
	EndGlobalSection
	GlobalSection(ProjectConfigurationPlatforms) = postSolution
		{D0812F3B-50A6-4161-92D8-53115CFD1A0A}.Debug|Any CPU.ActiveCfg = Debug|Any CPU
		{D0812F3B-50A6-4161-92D8-53115CFD1A0A}.Debug|Any CPU.Build.0 = Debug|Any CPU
		{D0812F3B-50A6-4161-92D8-53115CFD1A0A}.Debug|Any CPU.Deploy.0 = Debug|Any CPU
		{D0812F3B-50A6-4161-92D8-53115CFD1A0A}.Release|Any CPU.ActiveCfg = Release|Any CPU
		{D0812F3B-50A6-4161-92D8-53115CFD1A0A}.Release|Any CPU.Build.0 = Release|Any CPU
		{D0812F3B-50A6-4161-92D8-53115CFD1A0A}.Release|Any CPU.Deploy.0 = Release|Any CPU
		{B8DF2C21-173F-450F-A25B-FB093C81998A}.Debug|Any CPU.ActiveCfg = Debug|Any CPU
		{B8DF2C21-173F-450F-A25B-FB093C81998A}.Debug|Any CPU.Build.0 = Debug|Any CPU
		{B8DF2C21-173F-450F-A25B-FB093C81998A}.Debug|Any CPU.Deploy.0 = Debug|Any CPU
		{B8DF2C21-173F-450F-A25B-FB093C81998A}.Release|Any CPU.ActiveCfg = Release|Any CPU
		{B8DF2C21-173F-450F-A25B-FB093C81998A}.Release|Any CPU.Build.0 = Release|Any CPU
		{B8DF2C21-173F-450F-A25B-FB093C81998A}.Release|Any CPU.Deploy.0 = Release|Any CPU
	EndGlobalSection
	GlobalSection(SolutionProperties) = preSolution
		HideSolutionNode = FALSE
	EndGlobalSection
	GlobalSection(ExtensibilityGlobals) = postSolution
		SolutionGuid = {1788E531-E215-4CB4-9F0E-454CEB44041F}
	EndGlobalSection
EndGlobal
