
Microsoft Visual Studio Solution File, Format Version 12.00
# Visual Studio 15
VisualStudioVersion = 15.0.28307.271
MinimumVisualStudioVersion = 10.0.40219.1
Project("{FAE04EC0-301F-11D3-BF4B-00C04F79EFBC}") = "InförCheckpoint6", "InförCheckpoint6\InförCheckpoint6.csproj", "{6220C810-678E-4F43-B373-F821F301DE46}"
EndProject
Global
	GlobalSection(SolutionConfigurationPlatforms) = preSolution
		Debug|Any CPU = Debug|Any CPU
		Release|Any CPU = Release|Any CPU
	EndGlobalSection
	GlobalSection(ProjectConfigurationPlatforms) = postSolution
		{6220C810-678E-4F43-B373-F821F301DE46}.Debug|Any CPU.ActiveCfg = Debug|Any CPU
		{6220C810-678E-4F43-B373-F821F301DE46}.Debug|Any CPU.Build.0 = Debug|Any CPU
		{6220C810-678E-4F43-B373-F821F301DE46}.Release|Any CPU.ActiveCfg = Release|Any CPU
		{6220C810-678E-4F43-B373-F821F301DE46}.Release|Any CPU.Build.0 = Release|Any CPU
	EndGlobalSection
	GlobalSection(SolutionProperties) = preSolution
		HideSolutionNode = FALSE
	EndGlobalSection
	GlobalSection(ExtensibilityGlobals) = postSolution
		SolutionGuid = {AE9B2780-235F-4FC9-8DF0-106870E60EC8}
	EndGlobalSection
EndGlobal
