
Microsoft Visual Studio Solution File, Format Version 12.00
# Visual Studio 15
VisualStudioVersion = 15.0.28010.2050
MinimumVisualStudioVersion = 10.0.40219.1
Project("{9A19103F-16F7-4668-BE54-9A1E7A4F7556}") = "Modul2", "Modul2\Modul2.csproj", "{ABA016A9-01E5-4CE6-A8C4-C67BA577DC32}"
EndProject
Project("{9A19103F-16F7-4668-BE54-9A1E7A4F7556}") = "Modul4", "Modul4\Modul4.csproj", "{6AAE89BA-62F3-4812-93DE-8598D1AD3F9C}"
EndProject
Project("{9A19103F-16F7-4668-BE54-9A1E7A4F7556}") = "Modul6", "Modul6\Modul6.csproj", "{8ED4A411-C648-43DE-9FDE-D3BDE9288489}"
EndProject
Project("{9A19103F-16F7-4668-BE54-9A1E7A4F7556}") = "Modul6.1", "Modul6.1\Modul6.1.csproj", "{EC05A903-846B-415E-B0D5-DF35F6D1E962}"
EndProject
Project("{9A19103F-16F7-4668-BE54-9A1E7A4F7556}") = "Module6_2", "Module6_2\Module6_2.csproj", "{13A32AD4-4AAD-403B-AFD3-D302310BB2D0}"
EndProject
Project("{9A19103F-16F7-4668-BE54-9A1E7A4F7556}") = "Modul6_4", "Modul6_4\Modul6_4.csproj", "{DF59F7C0-42C8-4B4A-9368-E7FA21CA0084}"
EndProject
Project("{9A19103F-16F7-4668-BE54-9A1E7A4F7556}") = "Mudul6_5", "Mudul6_5\Mudul6_5.csproj", "{5B7983B2-FEB2-4A6C-9AFB-211C8D8F7F7D}"
EndProject
Project("{9A19103F-16F7-4668-BE54-9A1E7A4F7556}") = "Modul6_6", "Modul6_6\Modul6_6.csproj", "{76DEA1A0-BF56-47D2-BC82-95A4E2187CA3}"
EndProject
Project("{9A19103F-16F7-4668-BE54-9A1E7A4F7556}") = "Modul7", "Modul7\Modul7.csproj", "{CDB06080-723C-4028-BD6B-2C71ACE7D9BF}"
EndProject
Project("{9A19103F-16F7-4668-BE54-9A1E7A4F7556}") = "Modul8", "Modul8\Modul8.csproj", "{C1560AE8-CA04-40DE-A3F0-65A184D6A535}"
EndProject
Project("{9A19103F-16F7-4668-BE54-9A1E7A4F7556}") = "Modul8_2", "Modul8_2\Modul8_2.csproj", "{81AA9C39-6178-4CBD-9FAD-A382DF7AA16D}"
EndProject
Project("{9A19103F-16F7-4668-BE54-9A1E7A4F7556}") = "Modul8_3", "Modul8_3\Modul8_3.csproj", "{48A9E2B3-356D-42BD-B1F2-9AFB826EFB84}"
EndProject
Project("{9A19103F-16F7-4668-BE54-9A1E7A4F7556}") = "Modul9_2", "Modul9_2\Modul9_2.csproj", "{211714B2-D8B8-4241-B384-61B80AD0ADBD}"
EndProject
Project("{9A19103F-16F7-4668-BE54-9A1E7A4F7556}") = "Modul10_4", "Modul10_4\Modul10_4.csproj", "{25A115C3-79C0-4A8E-A225-325B0C01A286}"
EndProject
Project("{9A19103F-16F7-4668-BE54-9A1E7A4F7556}") = "Modul10_5", "Modul10_5\Modul10_5.csproj", "{32FFCB9B-A7F9-471B-8A94-2C49AE758220}"
EndProject
Project("{9A19103F-16F7-4668-BE54-9A1E7A4F7556}") = "Modul11", "Modul11\Modul11.csproj", "{E2D8B5E2-F1D6-447A-9316-BBA1F14CA9ED}"
EndProject
Project("{FAE04EC0-301F-11D3-BF4B-00C04F79EFBC}") = "Modul11_TVTable", "Modul11_TVTable\Modul11_TVTable.csproj", "{6AA44997-D28E-4840-84C8-55299BA56EE5}"
EndProject
Project("{FAE04EC0-301F-11D3-BF4B-00C04F79EFBC}") = "Modul11_2", "Modul11_2\Modul11_2.csproj", "{43518190-9C8D-4603-AD00-BBCF6A062E71}"
EndProject
Project("{FAE04EC0-301F-11D3-BF4B-00C04F79EFBC}") = "Modul12_1", "Modul12_1\Modul12_1.csproj", "{C6B1DDDC-E219-4EA6-A20A-C2B6A50B6BA5}"
EndProject
Global
	GlobalSection(SolutionConfigurationPlatforms) = preSolution
		Debug|Any CPU = Debug|Any CPU
		Release|Any CPU = Release|Any CPU
	EndGlobalSection
	GlobalSection(ProjectConfigurationPlatforms) = postSolution
		{ABA016A9-01E5-4CE6-A8C4-C67BA577DC32}.Debug|Any CPU.ActiveCfg = Debug|Any CPU
		{ABA016A9-01E5-4CE6-A8C4-C67BA577DC32}.Debug|Any CPU.Build.0 = Debug|Any CPU
		{ABA016A9-01E5-4CE6-A8C4-C67BA577DC32}.Release|Any CPU.ActiveCfg = Release|Any CPU
		{ABA016A9-01E5-4CE6-A8C4-C67BA577DC32}.Release|Any CPU.Build.0 = Release|Any CPU
		{6AAE89BA-62F3-4812-93DE-8598D1AD3F9C}.Debug|Any CPU.ActiveCfg = Debug|Any CPU
		{6AAE89BA-62F3-4812-93DE-8598D1AD3F9C}.Debug|Any CPU.Build.0 = Debug|Any CPU
		{6AAE89BA-62F3-4812-93DE-8598D1AD3F9C}.Release|Any CPU.ActiveCfg = Release|Any CPU
		{6AAE89BA-62F3-4812-93DE-8598D1AD3F9C}.Release|Any CPU.Build.0 = Release|Any CPU
		{8ED4A411-C648-43DE-9FDE-D3BDE9288489}.Debug|Any CPU.ActiveCfg = Debug|Any CPU
		{8ED4A411-C648-43DE-9FDE-D3BDE9288489}.Debug|Any CPU.Build.0 = Debug|Any CPU
		{8ED4A411-C648-43DE-9FDE-D3BDE9288489}.Release|Any CPU.ActiveCfg = Release|Any CPU
		{8ED4A411-C648-43DE-9FDE-D3BDE9288489}.Release|Any CPU.Build.0 = Release|Any CPU
		{EC05A903-846B-415E-B0D5-DF35F6D1E962}.Debug|Any CPU.ActiveCfg = Debug|Any CPU
		{EC05A903-846B-415E-B0D5-DF35F6D1E962}.Debug|Any CPU.Build.0 = Debug|Any CPU
		{EC05A903-846B-415E-B0D5-DF35F6D1E962}.Release|Any CPU.ActiveCfg = Release|Any CPU
		{EC05A903-846B-415E-B0D5-DF35F6D1E962}.Release|Any CPU.Build.0 = Release|Any CPU
		{13A32AD4-4AAD-403B-AFD3-D302310BB2D0}.Debug|Any CPU.ActiveCfg = Debug|Any CPU
		{13A32AD4-4AAD-403B-AFD3-D302310BB2D0}.Debug|Any CPU.Build.0 = Debug|Any CPU
		{13A32AD4-4AAD-403B-AFD3-D302310BB2D0}.Release|Any CPU.ActiveCfg = Release|Any CPU
		{13A32AD4-4AAD-403B-AFD3-D302310BB2D0}.Release|Any CPU.Build.0 = Release|Any CPU
		{DF59F7C0-42C8-4B4A-9368-E7FA21CA0084}.Debug|Any CPU.ActiveCfg = Debug|Any CPU
		{DF59F7C0-42C8-4B4A-9368-E7FA21CA0084}.Debug|Any CPU.Build.0 = Debug|Any CPU
		{DF59F7C0-42C8-4B4A-9368-E7FA21CA0084}.Release|Any CPU.ActiveCfg = Release|Any CPU
		{DF59F7C0-42C8-4B4A-9368-E7FA21CA0084}.Release|Any CPU.Build.0 = Release|Any CPU
		{5B7983B2-FEB2-4A6C-9AFB-211C8D8F7F7D}.Debug|Any CPU.ActiveCfg = Debug|Any CPU
		{5B7983B2-FEB2-4A6C-9AFB-211C8D8F7F7D}.Debug|Any CPU.Build.0 = Debug|Any CPU
		{5B7983B2-FEB2-4A6C-9AFB-211C8D8F7F7D}.Release|Any CPU.ActiveCfg = Release|Any CPU
		{5B7983B2-FEB2-4A6C-9AFB-211C8D8F7F7D}.Release|Any CPU.Build.0 = Release|Any CPU
		{76DEA1A0-BF56-47D2-BC82-95A4E2187CA3}.Debug|Any CPU.ActiveCfg = Debug|Any CPU
		{76DEA1A0-BF56-47D2-BC82-95A4E2187CA3}.Debug|Any CPU.Build.0 = Debug|Any CPU
		{76DEA1A0-BF56-47D2-BC82-95A4E2187CA3}.Release|Any CPU.ActiveCfg = Release|Any CPU
		{76DEA1A0-BF56-47D2-BC82-95A4E2187CA3}.Release|Any CPU.Build.0 = Release|Any CPU
		{CDB06080-723C-4028-BD6B-2C71ACE7D9BF}.Debug|Any CPU.ActiveCfg = Debug|Any CPU
		{CDB06080-723C-4028-BD6B-2C71ACE7D9BF}.Debug|Any CPU.Build.0 = Debug|Any CPU
		{CDB06080-723C-4028-BD6B-2C71ACE7D9BF}.Release|Any CPU.ActiveCfg = Release|Any CPU
		{CDB06080-723C-4028-BD6B-2C71ACE7D9BF}.Release|Any CPU.Build.0 = Release|Any CPU
		{C1560AE8-CA04-40DE-A3F0-65A184D6A535}.Debug|Any CPU.ActiveCfg = Debug|Any CPU
		{C1560AE8-CA04-40DE-A3F0-65A184D6A535}.Debug|Any CPU.Build.0 = Debug|Any CPU
		{C1560AE8-CA04-40DE-A3F0-65A184D6A535}.Release|Any CPU.ActiveCfg = Release|Any CPU
		{C1560AE8-CA04-40DE-A3F0-65A184D6A535}.Release|Any CPU.Build.0 = Release|Any CPU
		{81AA9C39-6178-4CBD-9FAD-A382DF7AA16D}.Debug|Any CPU.ActiveCfg = Debug|Any CPU
		{81AA9C39-6178-4CBD-9FAD-A382DF7AA16D}.Debug|Any CPU.Build.0 = Debug|Any CPU
		{81AA9C39-6178-4CBD-9FAD-A382DF7AA16D}.Release|Any CPU.ActiveCfg = Release|Any CPU
		{81AA9C39-6178-4CBD-9FAD-A382DF7AA16D}.Release|Any CPU.Build.0 = Release|Any CPU
		{48A9E2B3-356D-42BD-B1F2-9AFB826EFB84}.Debug|Any CPU.ActiveCfg = Debug|Any CPU
		{48A9E2B3-356D-42BD-B1F2-9AFB826EFB84}.Debug|Any CPU.Build.0 = Debug|Any CPU
		{48A9E2B3-356D-42BD-B1F2-9AFB826EFB84}.Release|Any CPU.ActiveCfg = Release|Any CPU
		{48A9E2B3-356D-42BD-B1F2-9AFB826EFB84}.Release|Any CPU.Build.0 = Release|Any CPU
		{211714B2-D8B8-4241-B384-61B80AD0ADBD}.Debug|Any CPU.ActiveCfg = Debug|Any CPU
		{211714B2-D8B8-4241-B384-61B80AD0ADBD}.Debug|Any CPU.Build.0 = Debug|Any CPU
		{211714B2-D8B8-4241-B384-61B80AD0ADBD}.Release|Any CPU.ActiveCfg = Release|Any CPU
		{211714B2-D8B8-4241-B384-61B80AD0ADBD}.Release|Any CPU.Build.0 = Release|Any CPU
		{25A115C3-79C0-4A8E-A225-325B0C01A286}.Debug|Any CPU.ActiveCfg = Debug|Any CPU
		{25A115C3-79C0-4A8E-A225-325B0C01A286}.Debug|Any CPU.Build.0 = Debug|Any CPU
		{25A115C3-79C0-4A8E-A225-325B0C01A286}.Release|Any CPU.ActiveCfg = Release|Any CPU
		{25A115C3-79C0-4A8E-A225-325B0C01A286}.Release|Any CPU.Build.0 = Release|Any CPU
		{32FFCB9B-A7F9-471B-8A94-2C49AE758220}.Debug|Any CPU.ActiveCfg = Debug|Any CPU
		{32FFCB9B-A7F9-471B-8A94-2C49AE758220}.Debug|Any CPU.Build.0 = Debug|Any CPU
		{32FFCB9B-A7F9-471B-8A94-2C49AE758220}.Release|Any CPU.ActiveCfg = Release|Any CPU
		{32FFCB9B-A7F9-471B-8A94-2C49AE758220}.Release|Any CPU.Build.0 = Release|Any CPU
		{E2D8B5E2-F1D6-447A-9316-BBA1F14CA9ED}.Debug|Any CPU.ActiveCfg = Debug|Any CPU
		{E2D8B5E2-F1D6-447A-9316-BBA1F14CA9ED}.Debug|Any CPU.Build.0 = Debug|Any CPU
		{E2D8B5E2-F1D6-447A-9316-BBA1F14CA9ED}.Release|Any CPU.ActiveCfg = Release|Any CPU
		{E2D8B5E2-F1D6-447A-9316-BBA1F14CA9ED}.Release|Any CPU.Build.0 = Release|Any CPU
		{6AA44997-D28E-4840-84C8-55299BA56EE5}.Debug|Any CPU.ActiveCfg = Debug|Any CPU
		{6AA44997-D28E-4840-84C8-55299BA56EE5}.Debug|Any CPU.Build.0 = Debug|Any CPU
		{6AA44997-D28E-4840-84C8-55299BA56EE5}.Release|Any CPU.ActiveCfg = Release|Any CPU
		{6AA44997-D28E-4840-84C8-55299BA56EE5}.Release|Any CPU.Build.0 = Release|Any CPU
		{43518190-9C8D-4603-AD00-BBCF6A062E71}.Debug|Any CPU.ActiveCfg = Debug|Any CPU
		{43518190-9C8D-4603-AD00-BBCF6A062E71}.Debug|Any CPU.Build.0 = Debug|Any CPU
		{43518190-9C8D-4603-AD00-BBCF6A062E71}.Release|Any CPU.ActiveCfg = Release|Any CPU
		{43518190-9C8D-4603-AD00-BBCF6A062E71}.Release|Any CPU.Build.0 = Release|Any CPU
		{C6B1DDDC-E219-4EA6-A20A-C2B6A50B6BA5}.Debug|Any CPU.ActiveCfg = Debug|Any CPU
		{C6B1DDDC-E219-4EA6-A20A-C2B6A50B6BA5}.Debug|Any CPU.Build.0 = Debug|Any CPU
		{C6B1DDDC-E219-4EA6-A20A-C2B6A50B6BA5}.Release|Any CPU.ActiveCfg = Release|Any CPU
		{C6B1DDDC-E219-4EA6-A20A-C2B6A50B6BA5}.Release|Any CPU.Build.0 = Release|Any CPU
	EndGlobalSection
	GlobalSection(SolutionProperties) = preSolution
		HideSolutionNode = FALSE
	EndGlobalSection
	GlobalSection(ExtensibilityGlobals) = postSolution
		SolutionGuid = {88094E3F-0637-4CBA-A406-A95E39781D97}
	EndGlobalSection
EndGlobal
