
Microsoft Visual Studio Solution File, Format Version 12.00
# Visual Studio 15
VisualStudioVersion = 15.0.27004.2002
MinimumVisualStudioVersion = 10.0.40219.1
Project("{9A19103F-16F7-4668-BE54-9A1E7A4F7556}") = "EfSamurai.Data", "EfSamuari.Data\EfSamurai.Data.csproj", "{ECF8E388-BD0A-491E-9816-E4E1CAB0D70C}"
EndProject
Project("{9A19103F-16F7-4668-BE54-9A1E7A4F7556}") = "EfSamurai.Domain", "EfSamuari.Domain\EfSamurai.Domain.csproj", "{A41EA01F-570A-4304-A19C-6397280CEAFD}"
EndProject
Project("{9A19103F-16F7-4668-BE54-9A1E7A4F7556}") = "EfSamurai.App", "EfSamuari.App\EfSamurai.App.csproj", "{72700930-BC4C-486B-AF83-02F852E49D21}"
EndProject
Project("{9A19103F-16F7-4668-BE54-9A1E7A4F7556}") = "ConsoleService", "ConsoleService\ConsoleService.csproj", "{72BCDFD1-4EAC-4ABB-8E0A-99FDCDD6042B}"
EndProject
Global
	GlobalSection(SolutionConfigurationPlatforms) = preSolution
		Debug|Any CPU = Debug|Any CPU
		Release|Any CPU = Release|Any CPU
	EndGlobalSection
	GlobalSection(ProjectConfigurationPlatforms) = postSolution
		{ECF8E388-BD0A-491E-9816-E4E1CAB0D70C}.Debug|Any CPU.ActiveCfg = Debug|Any CPU
		{ECF8E388-BD0A-491E-9816-E4E1CAB0D70C}.Debug|Any CPU.Build.0 = Debug|Any CPU
		{ECF8E388-BD0A-491E-9816-E4E1CAB0D70C}.Release|Any CPU.ActiveCfg = Release|Any CPU
		{ECF8E388-BD0A-491E-9816-E4E1CAB0D70C}.Release|Any CPU.Build.0 = Release|Any CPU
		{A41EA01F-570A-4304-A19C-6397280CEAFD}.Debug|Any CPU.ActiveCfg = Debug|Any CPU
		{A41EA01F-570A-4304-A19C-6397280CEAFD}.Debug|Any CPU.Build.0 = Debug|Any CPU
		{A41EA01F-570A-4304-A19C-6397280CEAFD}.Release|Any CPU.ActiveCfg = Release|Any CPU
		{A41EA01F-570A-4304-A19C-6397280CEAFD}.Release|Any CPU.Build.0 = Release|Any CPU
		{72700930-BC4C-486B-AF83-02F852E49D21}.Debug|Any CPU.ActiveCfg = Debug|Any CPU
		{72700930-BC4C-486B-AF83-02F852E49D21}.Debug|Any CPU.Build.0 = Debug|Any CPU
		{72700930-BC4C-486B-AF83-02F852E49D21}.Release|Any CPU.ActiveCfg = Release|Any CPU
		{72700930-BC4C-486B-AF83-02F852E49D21}.Release|Any CPU.Build.0 = Release|Any CPU
		{72BCDFD1-4EAC-4ABB-8E0A-99FDCDD6042B}.Debug|Any CPU.ActiveCfg = Debug|Any CPU
		{72BCDFD1-4EAC-4ABB-8E0A-99FDCDD6042B}.Debug|Any CPU.Build.0 = Debug|Any CPU
		{72BCDFD1-4EAC-4ABB-8E0A-99FDCDD6042B}.Release|Any CPU.ActiveCfg = Release|Any CPU
		{72BCDFD1-4EAC-4ABB-8E0A-99FDCDD6042B}.Release|Any CPU.Build.0 = Release|Any CPU
	EndGlobalSection
	GlobalSection(SolutionProperties) = preSolution
		HideSolutionNode = FALSE
	EndGlobalSection
	GlobalSection(ExtensibilityGlobals) = postSolution
		SolutionGuid = {59FE233A-93E5-4CCF-9CCB-3DC9B21C91D3}
	EndGlobalSection
EndGlobal
