
Microsoft Visual Studio Solution File, Format Version 12.00
# Visual Studio 15
VisualStudioVersion = 15.0.28307.168
MinimumVisualStudioVersion = 10.0.40219.1
Project("{FAE04EC0-301F-11D3-BF4B-00C04F79EFBC}") = "Blogg", "Blogg\Blogg.csproj", "{DBB048A9-3ACD-47A3-8B1A-259497E5B9E1}"
EndProject
Global
	GlobalSection(SolutionConfigurationPlatforms) = preSolution
		Debug|Any CPU = Debug|Any CPU
		Release|Any CPU = Release|Any CPU
	EndGlobalSection
	GlobalSection(ProjectConfigurationPlatforms) = postSolution
		{DBB048A9-3ACD-47A3-8B1A-259497E5B9E1}.Debug|Any CPU.ActiveCfg = Debug|Any CPU
		{DBB048A9-3ACD-47A3-8B1A-259497E5B9E1}.Debug|Any CPU.Build.0 = Debug|Any CPU
		{DBB048A9-3ACD-47A3-8B1A-259497E5B9E1}.Release|Any CPU.ActiveCfg = Release|Any CPU
		{DBB048A9-3ACD-47A3-8B1A-259497E5B9E1}.Release|Any CPU.Build.0 = Release|Any CPU
	EndGlobalSection
	GlobalSection(SolutionProperties) = preSolution
		HideSolutionNode = FALSE
	EndGlobalSection
	GlobalSection(ExtensibilityGlobals) = postSolution
		SolutionGuid = {F02B384C-C236-4E24-BF85-DCB1C7513041}
	EndGlobalSection
EndGlobal
